
Microsoft Visual Studio Solution File, Format Version 12.00
# Visual Studio Version 17
VisualStudioVersion = 17.6.33815.320
MinimumVisualStudioVersion = 10.0.40219.1
Project("{FAE04EC0-301F-11D3-BF4B-00C04F79EFBC}") = "FIT5032_MyDatabaseFirst", "FIT5032_MyDatabaseFirst\FIT5032_MyDatabaseFirst.csproj", "{9625E734-2E2B-4815-9331-47039F7C2B8C}"
EndProject
Global
	GlobalSection(SolutionConfigurationPlatforms) = preSolution
		Debug|Any CPU = Debug|Any CPU
		Release|Any CPU = Release|Any CPU
	EndGlobalSection
	GlobalSection(ProjectConfigurationPlatforms) = postSolution
		{9625E734-2E2B-4815-9331-47039F7C2B8C}.Debug|Any CPU.ActiveCfg = Debug|Any CPU
		{9625E734-2E2B-4815-9331-47039F7C2B8C}.Debug|Any CPU.Build.0 = Debug|Any CPU
		{9625E734-2E2B-4815-9331-47039F7C2B8C}.Release|Any CPU.ActiveCfg = Release|Any CPU
		{9625E734-2E2B-4815-9331-47039F7C2B8C}.Release|Any CPU.Build.0 = Release|Any CPU
	EndGlobalSection
	GlobalSection(SolutionProperties) = preSolution
		HideSolutionNode = FALSE
	EndGlobalSection
	GlobalSection(ExtensibilityGlobals) = postSolution
		SolutionGuid = {44174F45-DABC-4E8C-97E4-A8397AEB448F}
	EndGlobalSection
EndGlobal
